
Microsoft Visual Studio Solution File, Format Version 12.00
# Visual Studio 15
VisualStudioVersion = 15.0.28307.705
MinimumVisualStudioVersion = 10.0.40219.1
Project("{FAE04EC0-301F-11D3-BF4B-00C04F79EFBC}") = "RegisterSearch_V3", "RegisterSearch_V3\RegisterSearch_V3.csproj", "{0715ECF6-5AED-4727-BC28-00CC1D7060B7}"
EndProject
Global
	GlobalSection(SolutionConfigurationPlatforms) = preSolution
		Debug|Any CPU = Debug|Any CPU
		Release|Any CPU = Release|Any CPU
	EndGlobalSection
	GlobalSection(ProjectConfigurationPlatforms) = postSolution
		{0715ECF6-5AED-4727-BC28-00CC1D7060B7}.Debug|Any CPU.ActiveCfg = Debug|Any CPU
		{0715ECF6-5AED-4727-BC28-00CC1D7060B7}.Debug|Any CPU.Build.0 = Debug|Any CPU
		{0715ECF6-5AED-4727-BC28-00CC1D7060B7}.Release|Any CPU.ActiveCfg = Debug|Any CPU
		{0715ECF6-5AED-4727-BC28-00CC1D7060B7}.Release|Any CPU.Build.0 = Debug|Any CPU
	EndGlobalSection
	GlobalSection(SolutionProperties) = preSolution
		HideSolutionNode = FALSE
	EndGlobalSection
	GlobalSection(ExtensibilityGlobals) = postSolution
		SolutionGuid = {4081553A-0125-46DD-9221-6D06FE1380EA}
	EndGlobalSection
EndGlobal
