
Microsoft Visual Studio Solution File, Format Version 12.00
# Visual Studio 15
VisualStudioVersion = 15.0.28307.705
MinimumVisualStudioVersion = 10.0.40219.1
Project("{FAE04EC0-301F-11D3-BF4B-00C04F79EFBC}") = "FinancialMenu", "FinancialMenu\FinancialMenu.csproj", "{59F17A93-CA88-4FC0-A16F-485AEB45B99D}"
EndProject
Global
	GlobalSection(SolutionConfigurationPlatforms) = preSolution
		Debug|Any CPU = Debug|Any CPU
		Release|Any CPU = Release|Any CPU
	EndGlobalSection
	GlobalSection(ProjectConfigurationPlatforms) = postSolution
		{59F17A93-CA88-4FC0-A16F-485AEB45B99D}.Debug|Any CPU.ActiveCfg = Debug|Any CPU
		{59F17A93-CA88-4FC0-A16F-485AEB45B99D}.Debug|Any CPU.Build.0 = Debug|Any CPU
		{59F17A93-CA88-4FC0-A16F-485AEB45B99D}.Release|Any CPU.ActiveCfg = Release|Any CPU
		{59F17A93-CA88-4FC0-A16F-485AEB45B99D}.Release|Any CPU.Build.0 = Release|Any CPU
	EndGlobalSection
	GlobalSection(SolutionProperties) = preSolution
		HideSolutionNode = FALSE
	EndGlobalSection
	GlobalSection(ExtensibilityGlobals) = postSolution
		SolutionGuid = {0EDC47CB-1AC6-4181-8A2A-ED604A8F34EC}
	EndGlobalSection
EndGlobal
