
Microsoft Visual Studio Solution File, Format Version 12.00
# Visual Studio 15
VisualStudioVersion = 15.0.28307.705
MinimumVisualStudioVersion = 10.0.40219.1
Project("{FAE04EC0-301F-11D3-BF4B-00C04F79EFBC}") = "Yearly_Summary_Graph", "Yearly_Summary_Graph\Yearly_Summary_Graph.csproj", "{0A5B8D20-1EF5-46DE-BBB8-B1530C3E87E3}"
EndProject
Global
	GlobalSection(SolutionConfigurationPlatforms) = preSolution
		Debug|Any CPU = Debug|Any CPU
		Release|Any CPU = Release|Any CPU
	EndGlobalSection
	GlobalSection(ProjectConfigurationPlatforms) = postSolution
		{0A5B8D20-1EF5-46DE-BBB8-B1530C3E87E3}.Debug|Any CPU.ActiveCfg = Debug|Any CPU
		{0A5B8D20-1EF5-46DE-BBB8-B1530C3E87E3}.Debug|Any CPU.Build.0 = Debug|Any CPU
		{0A5B8D20-1EF5-46DE-BBB8-B1530C3E87E3}.Release|Any CPU.ActiveCfg = Release|Any CPU
		{0A5B8D20-1EF5-46DE-BBB8-B1530C3E87E3}.Release|Any CPU.Build.0 = Release|Any CPU
	EndGlobalSection
	GlobalSection(SolutionProperties) = preSolution
		HideSolutionNode = FALSE
	EndGlobalSection
	GlobalSection(ExtensibilityGlobals) = postSolution
		SolutionGuid = {B931FF7C-9FDC-4061-A1C7-5C4D090471CE}
	EndGlobalSection
EndGlobal
